// !$*UTF8*$!
{
	archiveVersion = 1;
	classes = {
	};
	objectVersion = 46;
	objects = {

/* Begin PBXBuildFile section */
		011913781DB2163C005DDCCB /* AppDelegate.swift in Sources */ = {isa = PBXBuildFile; fileRef = 011913771DB2163C005DDCCB /* AppDelegate.swift */; };
		0119137A1DB2163C005DDCCB /* ViewController.swift in Sources */ = {isa = PBXBuildFile; fileRef = 011913791DB2163C005DDCCB /* ViewController.swift */; };
		0119137D1DB2163C005DDCCB /* Main.storyboard in Resources */ = {isa = PBXBuildFile; fileRef = 0119137B1DB2163C005DDCCB /* Main.storyboard */; };
		0119137F1DB2163C005DDCCB /* Assets.xcassets in Resources */ = {isa = PBXBuildFile; fileRef = 0119137E1DB2163C005DDCCB /* Assets.xcassets */; };
		011913821DB2163C005DDCCB /* LaunchScreen.storyboard in Resources */ = {isa = PBXBuildFile; fileRef = 011913801DB2163C005DDCCB /* LaunchScreen.storyboard */; };
/* End PBXBuildFile section */

/* Begin PBXFileReference section */
		011913741DB2163C005DDCCB /* parallax-table.app */ = {isa = PBXFileReference; explicitFileType = wrapper.application; includeInIndex = 0; path = "parallax-table.app"; sourceTree = BUILT_PRODUCTS_DIR; };
		011913771DB2163C005DDCCB /* AppDelegate.swift */ = {isa = PBXFileReference; lastKnownFileType = sourcecode.swift; path = AppDelegate.swift; sourceTree = "<group>"; };
		011913791DB2163C005DDCCB /* ViewController.swift */ = {isa = PBXFileReference; lastKnownFileType = sourcecode.swift; path = ViewController.swift; sourceTree = "<group>"; };
		0119137C1DB2163C005DDCCB /* Base */ = {isa = PBXFileReference; lastKnownFileType = file.storyboard; name = Base; path = Base.lproj/Main.storyboard; sourceTree = "<group>"; };
		0119137E1DB2163C005DDCCB /* Assets.xcassets */ = {isa = PBXFileReference; lastKnownFileType = folder.assetcatalog; path = Assets.xcassets; sourceTree = "<group>"; };
		011913811DB2163C005DDCCB /* Base */ = {isa = PBXFileReference; lastKnownFileType = file.storyboard; name = Base; path = Base.lproj/LaunchScreen.storyboard; sourceTree = "<group>"; };
		011913831DB2163C005DDCCB /* Info.plist */ = {isa = PBXFileReference; lastKnownFileType = text.plist.xml; path = Info.plist; sourceTree = "<group>"; };
/* End PBXFileReference section */

/* Begin PBXFrameworksBuildPhase section */
		011913711DB2163C005DDCCB /* Frameworks */ = {
			isa = PBXFrameworksBuildPhase;
			buildActionMask = 2147483647;
			files = (
			);
			runOnlyForDeploymentPostprocessing = 0;
		};
/* End PBXFrameworksBuildPhase section */

/* Begin PBXGroup section */
		0119136B1DB2163C005DDCCB = {
			isa = PBXGroup;
			children = (
				011913761DB2163C005DDCCB /* parallax-table */,
				011913751DB2163C005DDCCB /* Products */,
			);
			sourceTree = "<group>";
		};
		011913751DB2163C005DDCCB /* Products */ = {
			isa = PBXGroup;
			children = (
				011913741DB2163C005DDCCB /* parallax-table.app */,
			);
			name = Products;
			sourceTree = "<group>";
		};
		011913761DB2163C005DDCCB /* parallax-table */ = {
			isa = PBXGroup;
			children = (
				011913771DB2163C005DDCCB /* AppDelegate.swift */,
				011913791DB2163C005DDCCB /* ViewController.swift */,
				0119137B1DB2163C005DDCCB /* Main.storyboard */,
				0119137E1DB2163C005DDCCB /* Assets.xcassets */,
				011913801DB2163C005DDCCB /* LaunchScreen.storyboard */,
				011913831DB2163C005DDCCB /* Info.plist */,
			);
			path = "parallax-table";
			sourceTree = "<group>";
		};
/* End PBXGroup section */

/* Begin PBXNativeTarget section */
		011913731DB2163C005DDCCB /* parallax-table */ = {
			isa = PBXNativeTarget;
			buildConfigurationList = 011913861DB2163C005DDCCB /* Build configuration list for PBXNativeTarget "parallax-table" */;
			buildPhases = (
				011913701DB2163C005DDCCB /* Sources */,
				011913711DB2163C005DDCCB /* Frameworks */,
				011913721DB2163C005DDCCB /* Resources */,
			);
			buildRules = (
			);
			dependencies = (
			);
			name = "parallax-table";
			productName = "parallax-table";
			productReference = 011913741DB2163C005DDCCB /* parallax-table.app */;
			productType = "com.apple.product-type.application";
		};
/* End PBXNativeTarget section */

/* Begin PBXProject section */
		0119136C1DB2163C005DDCCB /* Project object */ = {
			isa = PBXProject;
			attributes = {
				LastSwiftUpdateCheck = 0800;
				LastUpgradeCheck = 0800;
				ORGANIZATIONNAME = "Tihomir Videnov";
				TargetAttributes = {
					011913731DB2163C005DDCCB = {
						CreatedOnToolsVersion = 8.0;
						DevelopmentTeam = 9Q6VR23WUE;
						ProvisioningStyle = Automatic;
					};
				};
			};
			buildConfigurationList = 0119136F1DB2163C005DDCCB /* Build configuration list for PBXProject "parallax-table" */;
			compatibilityVersion = "Xcode 3.2";
			developmentRegion = English;
			hasScannedForEncodings = 0;
			knownRegions = (
				en,
				Base,
			);
			mainGroup = 0119136B1DB2163C005DDCCB;
			productRefGroup = 011913751DB2163C005DDCCB /* Products */;
			projectDirPath = "";
			projectRoot = "";
			targets = (
				011913731DB2163C005DDCCB /* parallax-table */,
			);
		};
/* End PBXProject section */

/* Begin PBXResourcesBuildPhase section */
		011913721DB2163C005DDCCB /* Resources */ = {
			isa = PBXResourcesBuildPhase;
			buildActionMask = 2147483647;
			files = (
				011913821DB2163C005DDCCB /* LaunchScreen.storyboard in Resources */,
				0119137F1DB2163C005DDCCB /* Assets.xcassets in Resources */,
				0119137D1DB2163C005DDCCB /* Main.storyboard in Resources */,
			);
			runOnlyForDeploymentPostprocessing = 0;
		};
/* End PBXResourcesBuildPhase section */

/* Begin PBXSourcesBuildPhase section */
		011913701DB2163C005DDCCB /* Sources */ = {
			isa = PBXSourcesBuildPhase;
			buildActionMask = 2147483647;
			files = (
				0119137A1DB2163C005DDCCB /* ViewController.swift in Sources */,
				011913781DB2163C005DDCCB /* AppDelegate.swift in Sources */,
			);
			runOnlyForDeploymentPostprocessing = 0;
		};
/* End PBXSourcesBuildPhase section */

/* Begin PBXVariantGroup section */
		0119137B1DB2163C005DDCCB /* Main.storyboard */ = {
			isa = PBXVariantGroup;
			children = (
				0119137C1DB2163C005DDCCB /* Base */,
			);
			name = Main.storyboard;
			sourceTree = "<group>";
		};
		011913801DB2163C005DDCCB /* LaunchScreen.storyboard */ = {
			isa = PBXVariantGroup;
			children = (
				011913811DB2163C005DDCCB /* Base */,
			);
			name = LaunchScreen.storyboard;
			sourceTree = "<group>";
		};
/* End PBXVariantGroup section */

/* Begin XCBuildConfiguration section */
		011913841DB2163C005DDCCB /* Debug */ = {
			isa = XCBuildConfiguration;
			buildSettings = {
				ALWAYS_SEARCH_USER_PATHS = NO;
				CLANG_ANALYZER_NONNULL = YES;
				CLANG_CXX_LANGUAGE_STANDARD = "gnu++0x";
				CLANG_CXX_LIBRARY = "libc++";
				CLANG_ENABLE_MODULES = YES;
				CLANG_ENABLE_OBJC_ARC = YES;
				CLANG_WARN_BOOL_CONVERSION = YES;
				CLANG_WARN_CONSTANT_CONVERSION = YES;
				CLANG_WARN_DIRECT_OBJC_ISA_USAGE = YES_ERROR;
				CLANG_WARN_DOCUMENTATION_COMMENTS = YES;
				CLANG_WARN_EMPTY_BODY = YES;
				CLANG_WARN_ENUM_CONVERSION = YES;
				CLANG_WARN_INFINITE_RECURSION = YES;
				CLANG_WARN_INT_CONVERSION = YES;
				CLANG_WARN_OBJC_ROOT_CLASS = YES_ERROR;
				CLANG_WARN_SUSPICIOUS_MOVES = YES;
				CLANG_WARN_UNREACHABLE_CODE = YES;
				CLANG_WARN__DUPLICATE_METHOD_MATCH = YES;
				"CODE_SIGN_IDENTITY[sdk=iphoneos*]" = "iPhone Developer";
				COPY_PHASE_STRIP = NO;
				DEBUG_INFORMATION_FORMAT = dwarf;
				ENABLE_STRICT_OBJC_MSGSEND = YES;
				ENABLE_TESTABILITY = YES;
				GCC_C_LANGUAGE_STANDARD = gnu99;
				GCC_DYNAMIC_NO_PIC = NO;
				GCC_NO_COMMON_BLOCKS = YES;
				GCC_OPTIMIZATION_LEVEL = 0;
				GCC_PREPROCESSOR_DEFINITIONS = (
					"DEBUG=1",
					"$(inherited)",
				);
				GCC_WARN_64_TO_32_BIT_CONVERSION = YES;
				GCC_WARN_ABOUT_RETURN_TYPE = YES_ERROR;
				GCC_WARN_UNDECLARED_SELECTOR = YES;
				GCC_WARN_UNINITIALIZED_AUTOS = YES_AGGRESSIVE;
				GCC_WARN_UNUSED_FUNCTION = YES;
				GCC_WARN_UNUSED_VARIABLE = YES;
				IPHONEOS_DEPLOYMENT_TARGET = 10.0;
				MTL_ENABLE_DEBUG_INFO = YES;
				ONLY_ACTIVE_ARCH = YES;
				SDKROOT = iphoneos;
				SWIFT_ACTIVE_COMPILATION_CONDITIONS = DEBUG;
				SWIFT_OPTIMIZATION_LEVEL = "-Onone";
				TARGETED_DEVICE_FAMILY = "1,2";
			};
			name = Debug;
		};
		011913851DB2163C005DDCCB /* Release */ = {
			isa = XCBuildConfiguration;
			buildSettings = {
				ALWAYS_SEARCH_USER_PATHS = NO;
				CLANG_ANALYZER_NONNULL = YES;
				CLANG_CXX_LANGUAGE_STANDARD = "gnu++0x";
				CLANG_CXX_LIBRARY = "libc++";
				CLANG_ENABLE_MODULES = YES;
				CLANG_ENABLE_OBJC_ARC = YES;
				CLANG_WARN_BOOL_CONVERSION = YES;
				CLANG_WARN_CONSTANT_CONVERSION = YES;
				CLANG_WARN_DIRECT_OBJC_ISA_USAGE = YES_ERROR;
				CLANG_WARN_DOCUMENTATION_COMMENTS = YES;
				CLANG_WARN_EMPTY_BODY = YES;
				CLANG_WARN_ENUM_CONVERSION = YES;
				CLANG_WARN_INFINITE_RECURSION = YES;
				CLANG_WARN_INT_CONVERSION = YES;
				CLANG_WARN_OBJC_ROOT_CLASS = YES_ERROR;
				CLANG_WARN_SUSPICIOUS_MOVES = YES;
				CLANG_WARN_UNREACHABLE_CODE = YES;
				CLANG_WARN__DUPLICATE_METHOD_MATCH = YES;
				"CODE_SIGN_IDENTITY[sdk=iphoneos*]" = "iPhone Developer";
				COPY_PHASE_STRIP = NO;
				DEBUG_INFORMATION_FORMAT = "dwarf-with-dsym";
				ENABLE_NS_ASSERTIONS = NO;
				ENABLE_STRICT_OBJC_MSGSEND = YES;
				GCC_C_LANGUAGE_STANDARD = gnu99;
				GCC_NO_COMMON_BLOCKS = YES;
				GCC_WARN_64_TO_32_BIT_CONVERSION = YES;
				GCC_WARN_ABOUT_RETURN_TYPE = YES_ERROR;
				GCC_WARN_UNDECLARED_SELECTOR = YES;
				GCC_WARN_UNINITIALIZED_AUTOS = YES_AGGRESSIVE;
				GCC_WARN_UNUSED_FUNCTION = YES;
				GCC_WARN_UNUSED_VARIABLE = YES;
				IPHONEOS_DEPLOYMENT_TARGET = 10.0;
				MTL_ENABLE_DEBUG_INFO = NO;
				SDKROOT = iphoneos;
				SWIFT_OPTIMIZATION_LEVEL = "-Owholemodule";
				TARGETED_DEVICE_FAMILY = "1,2";
				VALIDATE_PRODUCT = YES;
			};
			name = Release;
		};
		011913871DB2163C005DDCCB /* Debug */ = {
			isa = XCBuildConfiguration;
			buildSettings = {
				ASSETCATALOG_COMPILER_APPICON_NAME = AppIcon;
				DEVELOPMENT_TEAM = 9Q6VR23WUE;
				INFOPLIST_FILE = "parallax-table/Info.plist";
				LD_RUNPATH_SEARCH_PATHS = "$(inherited) @executable_path/Frameworks";
				PRODUCT_BUNDLE_IDENTIFIER = "com.tihomirvidenov.omdb-movie-search.parallax-table";
				PRODUCT_NAME = "$(TARGET_NAME)";
				SWIFT_VERSION = 3.0;
			};
			name = Debug;
		};
		011913881DB2163C005DDCCB /* Release */ = {
			isa = XCBuildConfiguration;
			buildSettings = {
				ASSETCATALOG_COMPILER_APPICON_NAME = AppIcon;
				DEVELOPMENT_TEAM = 9Q6VR23WUE;
				INFOPLIST_FILE = "parallax-table/Info.plist";
				LD_RUNPATH_SEARCH_PATHS = "$(inherited) @executable_path/Frameworks";
				PRODUCT_BUNDLE_IDENTIFIER = "com.tihomirvidenov.omdb-movie-search.parallax-table";
				PRODUCT_NAME = "$(TARGET_NAME)";
				SWIFT_VERSION = 3.0;
			};
			name = Release;
		};
/* End XCBuildConfiguration section */

/* Begin XCConfigurationList section */
		0119136F1DB2163C005DDCCB /* Build configuration list for PBXProject "parallax-table" */ = {
			isa = XCConfigurationList;
			buildConfigurations = (
				011913841DB2163C005DDCCB /* Debug */,
				011913851DB2163C005DDCCB /* Release */,
			);
			defaultConfigurationIsVisible = 0;
			defaultConfigurationName = Release;
		};
		011913861DB2163C005DDCCB /* Build configuration list for PBXNativeTarget "parallax-table" */ = {
			isa = XCConfigurationList;
			buildConfigurations = (
				011913871DB2163C005DDCCB /* Debug */,
				011913881DB2163C005DDCCB /* Release */,
			);
			defaultConfigurationIsVisible = 0;
		};
/* End XCConfigurationList section */
	};
	rootObject = 0119136C1DB2163C005DDCCB /* Project object */;
}
